
Microsoft Visual Studio Solution File, Format Version 12.00
# Visual Studio Version 17
VisualStudioVersion = 17.8.34525.116
MinimumVisualStudioVersion = 10.0.40219.1
Project("{FAE04EC0-301F-11D3-BF4B-00C04F79EFBC}") = "EmployeeManagement", "EmployeeManagement\EmployeeManagement.csproj", "{F5AC1B44-D8C2-4F59-9AE0-E2233B776CDC}"
EndProject
Global
	GlobalSection(SolutionConfigurationPlatforms) = preSolution
		Debug|Any CPU = Debug|Any CPU
		Release|Any CPU = Release|Any CPU
	EndGlobalSection
	GlobalSection(ProjectConfigurationPlatforms) = postSolution
		{F5AC1B44-D8C2-4F59-9AE0-E2233B776CDC}.Debug|Any CPU.ActiveCfg = Debug|Any CPU
		{F5AC1B44-D8C2-4F59-9AE0-E2233B776CDC}.Debug|Any CPU.Build.0 = Debug|Any CPU
		{F5AC1B44-D8C2-4F59-9AE0-E2233B776CDC}.Release|Any CPU.ActiveCfg = Release|Any CPU
		{F5AC1B44-D8C2-4F59-9AE0-E2233B776CDC}.Release|Any CPU.Build.0 = Release|Any CPU
	EndGlobalSection
	GlobalSection(SolutionProperties) = preSolution
		HideSolutionNode = FALSE
	EndGlobalSection
	GlobalSection(ExtensibilityGlobals) = postSolution
		SolutionGuid = {7BE3C170-E5B0-4026-AFEC-273D335B4E8A}
	EndGlobalSection
EndGlobal
